
Microsoft Visual Studio Solution File, Format Version 12.00
Project("{FAE04EC0-301F-11D3-BF4B-00C04F79EFBC}") = "AuthHW", "AuthHW\AuthHW.csproj", "{5FC83B6A-590F-4682-9F51-002858D3E254}"
EndProject
Global
	GlobalSection(SolutionConfigurationPlatforms) = preSolution
		Debug|Any CPU = Debug|Any CPU
		Release|Any CPU = Release|Any CPU
	EndGlobalSection
	GlobalSection(ProjectConfigurationPlatforms) = postSolution
		{5FC83B6A-590F-4682-9F51-002858D3E254}.Debug|Any CPU.ActiveCfg = Debug|Any CPU
		{5FC83B6A-590F-4682-9F51-002858D3E254}.Debug|Any CPU.Build.0 = Debug|Any CPU
		{5FC83B6A-590F-4682-9F51-002858D3E254}.Release|Any CPU.ActiveCfg = Release|Any CPU
		{5FC83B6A-590F-4682-9F51-002858D3E254}.Release|Any CPU.Build.0 = Release|Any CPU
	EndGlobalSection
	GlobalSection(NestedProjects) = preSolution
	EndGlobalSection
EndGlobal
